
Microsoft Visual Studio Solution File, Format Version 12.00
# Visual Studio Version 16
VisualStudioVersion = 16.0.33927.289
MinimumVisualStudioVersion = 10.0.40219.1
Project("{FAE04EC0-301F-11D3-BF4B-00C04F79EFBC}") = "WebApplication1", "WebApplication1\WebApplication1.csproj", "{C6283384-B39B-4ADC-8C4C-57C7E14BF2C8}"
EndProject
Global
	GlobalSection(SolutionConfigurationPlatforms) = preSolution
		Debug|Any CPU = Debug|Any CPU
		Release|Any CPU = Release|Any CPU
	EndGlobalSection
	GlobalSection(ProjectConfigurationPlatforms) = postSolution
		{C6283384-B39B-4ADC-8C4C-57C7E14BF2C8}.Debug|Any CPU.ActiveCfg = Debug|Any CPU
		{C6283384-B39B-4ADC-8C4C-57C7E14BF2C8}.Debug|Any CPU.Build.0 = Debug|Any CPU
		{C6283384-B39B-4ADC-8C4C-57C7E14BF2C8}.Release|Any CPU.ActiveCfg = Release|Any CPU
		{C6283384-B39B-4ADC-8C4C-57C7E14BF2C8}.Release|Any CPU.Build.0 = Release|Any CPU
	EndGlobalSection
	GlobalSection(SolutionProperties) = preSolution
		HideSolutionNode = FALSE
	EndGlobalSection
	GlobalSection(ExtensibilityGlobals) = postSolution
		SolutionGuid = {4D4E6E07-FBF1-4559-92DD-2BCA57F6325A}
	EndGlobalSection
EndGlobal
